// !$*UTF8*$!
{
	archiveVersion = 1;
	classes = {
	};
	objectVersion = 50;
	objects = {

/* Begin PBXBuildFile section */
		8A3A8B58230344F3006AC051 /* AppDelegate.swift in Sources */ = {isa = PBXBuildFile; fileRef = 8A3A8B57230344F3006AC051 /* AppDelegate.swift */; };
		8A3A8B5A230344F3006AC051 /* ViewController.swift in Sources */ = {isa = PBXBuildFile; fileRef = 8A3A8B59230344F3006AC051 /* ViewController.swift */; };
		8A3A8B5D230344F3006AC051 /* Main.storyboard in Resources */ = {isa = PBXBuildFile; fileRef = 8A3A8B5B230344F3006AC051 /* Main.storyboard */; };
		8A3A8B60230344F3006AC051 /* Simple_Login_Screen.xcdatamodeld in Sources */ = {isa = PBXBuildFile; fileRef = 8A3A8B5E230344F3006AC051 /* Simple_Login_Screen.xcdatamodeld */; };
		8A3A8B62230344F6006AC051 /* Assets.xcassets in Resources */ = {isa = PBXBuildFile; fileRef = 8A3A8B61230344F6006AC051 /* Assets.xcassets */; };
		8A3A8B65230344F6006AC051 /* LaunchScreen.storyboard in Resources */ = {isa = PBXBuildFile; fileRef = 8A3A8B63230344F6006AC051 /* LaunchScreen.storyboard */; };
/* End PBXBuildFile section */

/* Begin PBXFileReference section */
		8A3A8B54230344F3006AC051 /* Simple Login Screen.app */ = {isa = PBXFileReference; explicitFileType = wrapper.application; includeInIndex = 0; path = "Simple Login Screen.app"; sourceTree = BUILT_PRODUCTS_DIR; };
		8A3A8B57230344F3006AC051 /* AppDelegate.swift */ = {isa = PBXFileReference; lastKnownFileType = sourcecode.swift; path = AppDelegate.swift; sourceTree = "<group>"; };
		8A3A8B59230344F3006AC051 /* ViewController.swift */ = {isa = PBXFileReference; lastKnownFileType = sourcecode.swift; path = ViewController.swift; sourceTree = "<group>"; };
		8A3A8B5C230344F3006AC051 /* Base */ = {isa = PBXFileReference; lastKnownFileType = file.storyboard; name = Base; path = Base.lproj/Main.storyboard; sourceTree = "<group>"; };
		8A3A8B5F230344F3006AC051 /* Simple_Login_Screen.xcdatamodel */ = {isa = PBXFileReference; lastKnownFileType = wrapper.xcdatamodel; path = Simple_Login_Screen.xcdatamodel; sourceTree = "<group>"; };
		8A3A8B61230344F6006AC051 /* Assets.xcassets */ = {isa = PBXFileReference; lastKnownFileType = folder.assetcatalog; path = Assets.xcassets; sourceTree = "<group>"; };
		8A3A8B64230344F6006AC051 /* Base */ = {isa = PBXFileReference; lastKnownFileType = file.storyboard; name = Base; path = Base.lproj/LaunchScreen.storyboard; sourceTree = "<group>"; };
		8A3A8B66230344F6006AC051 /* Info.plist */ = {isa = PBXFileReference; lastKnownFileType = text.plist.xml; path = Info.plist; sourceTree = "<group>"; };
/* End PBXFileReference section */

/* Begin PBXFrameworksBuildPhase section */
		8A3A8B51230344F3006AC051 /* Frameworks */ = {
			isa = PBXFrameworksBuildPhase;
			buildActionMask = 2147483647;
			files = (
			);
			runOnlyForDeploymentPostprocessing = 0;
		};
/* End PBXFrameworksBuildPhase section */

/* Begin PBXGroup section */
		8A3A8B4B230344F3006AC051 = {
			isa = PBXGroup;
			children = (
				8A3A8B56230344F3006AC051 /* Simple Login Screen */,
				8A3A8B55230344F3006AC051 /* Products */,
			);
			sourceTree = "<group>";
		};
		8A3A8B55230344F3006AC051 /* Products */ = {
			isa = PBXGroup;
			children = (
				8A3A8B54230344F3006AC051 /* Simple Login Screen.app */,
			);
			name = Products;
			sourceTree = "<group>";
		};
		8A3A8B56230344F3006AC051 /* Simple Login Screen */ = {
			isa = PBXGroup;
			children = (
				8A3A8B57230344F3006AC051 /* AppDelegate.swift */,
				8A3A8B59230344F3006AC051 /* ViewController.swift */,
				8A3A8B5B230344F3006AC051 /* Main.storyboard */,
				8A3A8B61230344F6006AC051 /* Assets.xcassets */,
				8A3A8B63230344F6006AC051 /* LaunchScreen.storyboard */,
				8A3A8B66230344F6006AC051 /* Info.plist */,
				8A3A8B5E230344F3006AC051 /* Simple_Login_Screen.xcdatamodeld */,
			);
			path = "Simple Login Screen";
			sourceTree = "<group>";
		};
/* End PBXGroup section */

/* Begin PBXNativeTarget section */
		8A3A8B53230344F3006AC051 /* Simple Login Screen */ = {
			isa = PBXNativeTarget;
			buildConfigurationList = 8A3A8B69230344F6006AC051 /* Build configuration list for PBXNativeTarget "Simple Login Screen" */;
			buildPhases = (
				8A3A8B50230344F3006AC051 /* Sources */,
				8A3A8B51230344F3006AC051 /* Frameworks */,
				8A3A8B52230344F3006AC051 /* Resources */,
			);
			buildRules = (
			);
			dependencies = (
			);
			name = "Simple Login Screen";
			productName = "Simple Login Screen";
			productReference = 8A3A8B54230344F3006AC051 /* Simple Login Screen.app */;
			productType = "com.apple.product-type.application";
		};
/* End PBXNativeTarget section */

/* Begin PBXProject section */
		8A3A8B4C230344F3006AC051 /* Project object */ = {
			isa = PBXProject;
			attributes = {
				LastSwiftUpdateCheck = 1010;
				LastUpgradeCheck = 1010;
				ORGANIZATIONNAME = "Starknet Technologies®";
				TargetAttributes = {
					8A3A8B53230344F3006AC051 = {
						CreatedOnToolsVersion = 10.1;
					};
				};
			};
			buildConfigurationList = 8A3A8B4F230344F3006AC051 /* Build configuration list for PBXProject "Simple Login Screen" */;
			compatibilityVersion = "Xcode 9.3";
			developmentRegion = en;
			hasScannedForEncodings = 0;
			knownRegions = (
				en,
				Base,
			);
			mainGroup = 8A3A8B4B230344F3006AC051;
			productRefGroup = 8A3A8B55230344F3006AC051 /* Products */;
			projectDirPath = "";
			projectRoot = "";
			targets = (
				8A3A8B53230344F3006AC051 /* Simple Login Screen */,
			);
		};
/* End PBXProject section */

/* Begin PBXResourcesBuildPhase section */
		8A3A8B52230344F3006AC051 /* Resources */ = {
			isa = PBXResourcesBuildPhase;
			buildActionMask = 2147483647;
			files = (
				8A3A8B65230344F6006AC051 /* LaunchScreen.storyboard in Resources */,
				8A3A8B62230344F6006AC051 /* Assets.xcassets in Resources */,
				8A3A8B5D230344F3006AC051 /* Main.storyboard in Resources */,
			);
			runOnlyForDeploymentPostprocessing = 0;
		};
/* End PBXResourcesBuildPhase section */

/* Begin PBXSourcesBuildPhase section */
		8A3A8B50230344F3006AC051 /* Sources */ = {
			isa = PBXSourcesBuildPhase;
			buildActionMask = 2147483647;
			files = (
				8A3A8B5A230344F3006AC051 /* ViewController.swift in Sources */,
				8A3A8B60230344F3006AC051 /* Simple_Login_Screen.xcdatamodeld in Sources */,
				8A3A8B58230344F3006AC051 /* AppDelegate.swift in Sources */,
			);
			runOnlyForDeploymentPostprocessing = 0;
		};
/* End PBXSourcesBuildPhase section */

/* Begin PBXVariantGroup section */
		8A3A8B5B230344F3006AC051 /* Main.storyboard */ = {
			isa = PBXVariantGroup;
			children = (
				8A3A8B5C230344F3006AC051 /* Base */,
			);
			name = Main.storyboard;
			sourceTree = "<group>";
		};
		8A3A8B63230344F6006AC051 /* LaunchScreen.storyboard */ = {
			isa = PBXVariantGroup;
			children = (
				8A3A8B64230344F6006AC051 /* Base */,
			);
			name = LaunchScreen.storyboard;
			sourceTree = "<group>";
		};
/* End PBXVariantGroup section */

/* Begin XCBuildConfiguration section */
		8A3A8B67230344F6006AC051 /* Debug */ = {
			isa = XCBuildConfiguration;
			buildSettings = {
				ALWAYS_SEARCH_USER_PATHS = NO;
				CLANG_ANALYZER_NONNULL = YES;
				CLANG_ANALYZER_NUMBER_OBJECT_CONVERSION = YES_AGGRESSIVE;
				CLANG_CXX_LANGUAGE_STANDARD = "gnu++14";
				CLANG_CXX_LIBRARY = "libc++";
				CLANG_ENABLE_MODULES = YES;
				CLANG_ENABLE_OBJC_ARC = YES;
				CLANG_ENABLE_OBJC_WEAK = YES;
				CLANG_WARN_BLOCK_CAPTURE_AUTORELEASING = YES;
				CLANG_WARN_BOOL_CONVERSION = YES;
				CLANG_WARN_COMMA = YES;
				CLANG_WARN_CONSTANT_CONVERSION = YES;
				CLANG_WARN_DEPRECATED_OBJC_IMPLEMENTATIONS = YES;
				CLANG_WARN_DIRECT_OBJC_ISA_USAGE = YES_ERROR;
				CLANG_WARN_DOCUMENTATION_COMMENTS = YES;
				CLANG_WARN_EMPTY_BODY = YES;
				CLANG_WARN_ENUM_CONVERSION = YES;
				CLANG_WARN_INFINITE_RECURSION = YES;
				CLANG_WARN_INT_CONVERSION = YES;
				CLANG_WARN_NON_LITERAL_NULL_CONVERSION = YES;
				CLANG_WARN_OBJC_IMPLICIT_RETAIN_SELF = YES;
				CLANG_WARN_OBJC_LITERAL_CONVERSION = YES;
				CLANG_WARN_OBJC_ROOT_CLASS = YES_ERROR;
				CLANG_WARN_RANGE_LOOP_ANALYSIS = YES;
				CLANG_WARN_STRICT_PROTOTYPES = YES;
				CLANG_WARN_SUSPICIOUS_MOVE = YES;
				CLANG_WARN_UNGUARDED_AVAILABILITY = YES_AGGRESSIVE;
				CLANG_WARN_UNREACHABLE_CODE = YES;
				CLANG_WARN__DUPLICATE_METHOD_MATCH = YES;
				CODE_SIGN_IDENTITY = "iPhone Developer";
				COPY_PHASE_STRIP = NO;
				DEBUG_INFORMATION_FORMAT = dwarf;
				ENABLE_STRICT_OBJC_MSGSEND = YES;
				ENABLE_TESTABILITY = YES;
				GCC_C_LANGUAGE_STANDARD = gnu11;
				GCC_DYNAMIC_NO_PIC = NO;
				GCC_NO_COMMON_BLOCKS = YES;
				GCC_OPTIMIZATION_LEVEL = 0;
				GCC_PREPROCESSOR_DEFINITIONS = (
					"DEBUG=1",
					"$(inherited)",
				);
				GCC_WARN_64_TO_32_BIT_CONVERSION = YES;
				GCC_WARN_ABOUT_RETURN_TYPE = YES_ERROR;
				GCC_WARN_UNDECLARED_SELECTOR = YES;
				GCC_WARN_UNINITIALIZED_AUTOS = YES_AGGRESSIVE;
				GCC_WARN_UNUSED_FUNCTION = YES;
				GCC_WARN_UNUSED_VARIABLE = YES;
				IPHONEOS_DEPLOYMENT_TARGET = 12.1;
				MTL_ENABLE_DEBUG_INFO = INCLUDE_SOURCE;
				MTL_FAST_MATH = YES;
				ONLY_ACTIVE_ARCH = YES;
				SDKROOT = iphoneos;
				SWIFT_ACTIVE_COMPILATION_CONDITIONS = DEBUG;
				SWIFT_OPTIMIZATION_LEVEL = "-Onone";
			};
			name = Debug;
		};
		8A3A8B68230344F6006AC051 /* Release */ = {
			isa = XCBuildConfiguration;
			buildSettings = {
				ALWAYS_SEARCH_USER_PATHS = NO;
				CLANG_ANALYZER_NONNULL = YES;
				CLANG_ANALYZER_NUMBER_OBJECT_CONVERSION = YES_AGGRESSIVE;
				CLANG_CXX_LANGUAGE_STANDARD = "gnu++14";
				CLANG_CXX_LIBRARY = "libc++";
				CLANG_ENABLE_MODULES = YES;
				CLANG_ENABLE_OBJC_ARC = YES;
				CLANG_ENABLE_OBJC_WEAK = YES;
				CLANG_WARN_BLOCK_CAPTURE_AUTORELEASING = YES;
				CLANG_WARN_BOOL_CONVERSION = YES;
				CLANG_WARN_COMMA = YES;
				CLANG_WARN_CONSTANT_CONVERSION = YES;
				CLANG_WARN_DEPRECATED_OBJC_IMPLEMENTATIONS = YES;
				CLANG_WARN_DIRECT_OBJC_ISA_USAGE = YES_ERROR;
				CLANG_WARN_DOCUMENTATION_COMMENTS = YES;
				CLANG_WARN_EMPTY_BODY = YES;
				CLANG_WARN_ENUM_CONVERSION = YES;
				CLANG_WARN_INFINITE_RECURSION = YES;
				CLANG_WARN_INT_CONVERSION = YES;
				CLANG_WARN_NON_LITERAL_NULL_CONVERSION = YES;
				CLANG_WARN_OBJC_IMPLICIT_RETAIN_SELF = YES;
				CLANG_WARN_OBJC_LITERAL_CONVERSION = YES;
				CLANG_WARN_OBJC_ROOT_CLASS = YES_ERROR;
				CLANG_WARN_RANGE_LOOP_ANALYSIS = YES;
				CLANG_WARN_STRICT_PROTOTYPES = YES;
				CLANG_WARN_SUSPICIOUS_MOVE = YES;
				CLANG_WARN_UNGUARDED_AVAILABILITY = YES_AGGRESSIVE;
				CLANG_WARN_UNREACHABLE_CODE = YES;
				CLANG_WARN__DUPLICATE_METHOD_MATCH = YES;
				CODE_SIGN_IDENTITY = "iPhone Developer";
				COPY_PHASE_STRIP = NO;
				DEBUG_INFORMATION_FORMAT = "dwarf-with-dsym";
				ENABLE_NS_ASSERTIONS = NO;
				ENABLE_STRICT_OBJC_MSGSEND = YES;
				GCC_C_LANGUAGE_STANDARD = gnu11;
				GCC_NO_COMMON_BLOCKS = YES;
				GCC_WARN_64_TO_32_BIT_CONVERSION = YES;
				GCC_WARN_ABOUT_RETURN_TYPE = YES_ERROR;
				GCC_WARN_UNDECLARED_SELECTOR = YES;
				GCC_WARN_UNINITIALIZED_AUTOS = YES_AGGRESSIVE;
				GCC_WARN_UNUSED_FUNCTION = YES;
				GCC_WARN_UNUSED_VARIABLE = YES;
				IPHONEOS_DEPLOYMENT_TARGET = 12.1;
				MTL_ENABLE_DEBUG_INFO = NO;
				MTL_FAST_MATH = YES;
				SDKROOT = iphoneos;
				SWIFT_COMPILATION_MODE = wholemodule;
				SWIFT_OPTIMIZATION_LEVEL = "-O";
				VALIDATE_PRODUCT = YES;
			};
			name = Release;
		};
		8A3A8B6A230344F6006AC051 /* Debug */ = {
			isa = XCBuildConfiguration;
			buildSettings = {
				ASSETCATALOG_COMPILER_APPICON_NAME = AppIcon;
				CODE_SIGN_STYLE = Automatic;
				DEVELOPMENT_TEAM = QVS959RA29;
				INFOPLIST_FILE = "Simple Login Screen/Info.plist";
				LD_RUNPATH_SEARCH_PATHS = (
					"$(inherited)",
					"@executable_path/Frameworks",
				);
				PRODUCT_BUNDLE_IDENTIFIER = "com.jerrytan.Simple-Login-Screen";
				PRODUCT_NAME = "$(TARGET_NAME)";
				SWIFT_VERSION = 4.2;
				TARGETED_DEVICE_FAMILY = "1,2";
			};
			name = Debug;
		};
		8A3A8B6B230344F6006AC051 /* Release */ = {
			isa = XCBuildConfiguration;
			buildSettings = {
				ASSETCATALOG_COMPILER_APPICON_NAME = AppIcon;
				CODE_SIGN_STYLE = Automatic;
				DEVELOPMENT_TEAM = QVS959RA29;
				INFOPLIST_FILE = "Simple Login Screen/Info.plist";
				LD_RUNPATH_SEARCH_PATHS = (
					"$(inherited)",
					"@executable_path/Frameworks",
				);
				PRODUCT_BUNDLE_IDENTIFIER = "com.jerrytan.Simple-Login-Screen";
				PRODUCT_NAME = "$(TARGET_NAME)";
				SWIFT_VERSION = 4.2;
				TARGETED_DEVICE_FAMILY = "1,2";
			};
			name = Release;
		};
/* End XCBuildConfiguration section */

/* Begin XCConfigurationList section */
		8A3A8B4F230344F3006AC051 /* Build configuration list for PBXProject "Simple Login Screen" */ = {
			isa = XCConfigurationList;
			buildConfigurations = (
				8A3A8B67230344F6006AC051 /* Debug */,
				8A3A8B68230344F6006AC051 /* Release */,
			);
			defaultConfigurationIsVisible = 0;
			defaultConfigurationName = Release;
		};
		8A3A8B69230344F6006AC051 /* Build configuration list for PBXNativeTarget "Simple Login Screen" */ = {
			isa = XCConfigurationList;
			buildConfigurations = (
				8A3A8B6A230344F6006AC051 /* Debug */,
				8A3A8B6B230344F6006AC051 /* Release */,
			);
			defaultConfigurationIsVisible = 0;
			defaultConfigurationName = Release;
		};
/* End XCConfigurationList section */

/* Begin XCVersionGroup section */
		8A3A8B5E230344F3006AC051 /* Simple_Login_Screen.xcdatamodeld */ = {
			isa = XCVersionGroup;
			children = (
				8A3A8B5F230344F3006AC051 /* Simple_Login_Screen.xcdatamodel */,
			);
			currentVersion = 8A3A8B5F230344F3006AC051 /* Simple_Login_Screen.xcdatamodel */;
			path = Simple_Login_Screen.xcdatamodeld;
			sourceTree = "<group>";
			versionGroupType = wrapper.xcdatamodel;
		};
/* End XCVersionGroup section */
	};
	rootObject = 8A3A8B4C230344F3006AC051 /* Project object */;
}
